
Microsoft Visual Studio Solution File, Format Version 12.00
# Visual Studio Version 16
VisualStudioVersion = 16.0.32510.428
MinimumVisualStudioVersion = 10.0.40219.1
Project("{FAE04EC0-301F-11D3-BF4B-00C04F79EFBC}") = "KotOleksiiPractice", "KotOleksiiPractice\KotOleksiiPractice.csproj", "{02209402-2223-4159-B466-55B6356CA3B2}"
EndProject
Global
	GlobalSection(SolutionConfigurationPlatforms) = preSolution
		Debug|Any CPU = Debug|Any CPU
		Release|Any CPU = Release|Any CPU
	EndGlobalSection
	GlobalSection(ProjectConfigurationPlatforms) = postSolution
		{02209402-2223-4159-B466-55B6356CA3B2}.Debug|Any CPU.ActiveCfg = Debug|Any CPU
		{02209402-2223-4159-B466-55B6356CA3B2}.Debug|Any CPU.Build.0 = Debug|Any CPU
		{02209402-2223-4159-B466-55B6356CA3B2}.Release|Any CPU.ActiveCfg = Release|Any CPU
		{02209402-2223-4159-B466-55B6356CA3B2}.Release|Any CPU.Build.0 = Release|Any CPU
	EndGlobalSection
	GlobalSection(SolutionProperties) = preSolution
		HideSolutionNode = FALSE
	EndGlobalSection
	GlobalSection(ExtensibilityGlobals) = postSolution
		SolutionGuid = {AF0DD75A-5685-4208-8B5D-391967C5C87B}
	EndGlobalSection
EndGlobal
